
Microsoft Visual Studio Solution File, Format Version 12.00
# Visual Studio 15
VisualStudioVersion = 15.0.28307.572
MinimumVisualStudioVersion = 10.0.40219.1
Project("{FAE04EC0-301F-11D3-BF4B-00C04F79EFBC}") = "BundleSameParts", "BundleSameParts\BundleSameParts.csproj", "{EA57E7FD-7817-44D9-9625-3BD42840EE2E}"
EndProject
Global
	GlobalSection(SolutionConfigurationPlatforms) = preSolution
		Debug|Any CPU = Debug|Any CPU
		Release|Any CPU = Release|Any CPU
	EndGlobalSection
	GlobalSection(ProjectConfigurationPlatforms) = postSolution
		{EA57E7FD-7817-44D9-9625-3BD42840EE2E}.Debug|Any CPU.ActiveCfg = Debug|Any CPU
		{EA57E7FD-7817-44D9-9625-3BD42840EE2E}.Debug|Any CPU.Build.0 = Debug|Any CPU
		{EA57E7FD-7817-44D9-9625-3BD42840EE2E}.Release|Any CPU.ActiveCfg = Release|Any CPU
		{EA57E7FD-7817-44D9-9625-3BD42840EE2E}.Release|Any CPU.Build.0 = Release|Any CPU
	EndGlobalSection
	GlobalSection(SolutionProperties) = preSolution
		HideSolutionNode = FALSE
	EndGlobalSection
	GlobalSection(ExtensibilityGlobals) = postSolution
		SolutionGuid = {7CAD0519-7362-4374-AB69-C5714F74B5F8}
	EndGlobalSection
EndGlobal
